
Microsoft Visual Studio Solution File, Format Version 12.00
# Visual Studio Version 17
VisualStudioVersion = 17.9.34701.34
MinimumVisualStudioVersion = 10.0.40219.1
Project("{FAE04EC0-301F-11D3-BF4B-00C04F79EFBC}") = "Portfolio_MVC", "Portfolio_MVC\Portfolio_MVC.csproj", "{D094416E-9370-4BFD-8508-41947AABF690}"
EndProject
Global
	GlobalSection(SolutionConfigurationPlatforms) = preSolution
		Debug|Any CPU = Debug|Any CPU
		Release|Any CPU = Release|Any CPU
	EndGlobalSection
	GlobalSection(ProjectConfigurationPlatforms) = postSolution
		{D094416E-9370-4BFD-8508-41947AABF690}.Debug|Any CPU.ActiveCfg = Debug|Any CPU
		{D094416E-9370-4BFD-8508-41947AABF690}.Debug|Any CPU.Build.0 = Debug|Any CPU
		{D094416E-9370-4BFD-8508-41947AABF690}.Release|Any CPU.ActiveCfg = Release|Any CPU
		{D094416E-9370-4BFD-8508-41947AABF690}.Release|Any CPU.Build.0 = Release|Any CPU
	EndGlobalSection
	GlobalSection(SolutionProperties) = preSolution
		HideSolutionNode = FALSE
	EndGlobalSection
	GlobalSection(ExtensibilityGlobals) = postSolution
		SolutionGuid = {2D3EEF1C-F17D-4C6B-AFFC-E268E1A50602}
	EndGlobalSection
EndGlobal
